
Microsoft Visual Studio Solution File, Format Version 12.00
# Visual Studio Version 16
VisualStudioVersion = 16.0.33927.289
MinimumVisualStudioVersion = 10.0.40219.1
Project("{FAE04EC0-301F-11D3-BF4B-00C04F79EFBC}") = "EMS_Project", "EMS_Project\EMS_Project.csproj", "{3AB026BB-D4D4-40EF-8F31-FD1B53B24B09}"
EndProject
Global
	GlobalSection(SolutionConfigurationPlatforms) = preSolution
		Debug|Any CPU = Debug|Any CPU
		Release|Any CPU = Release|Any CPU
	EndGlobalSection
	GlobalSection(ProjectConfigurationPlatforms) = postSolution
		{3AB026BB-D4D4-40EF-8F31-FD1B53B24B09}.Debug|Any CPU.ActiveCfg = Debug|Any CPU
		{3AB026BB-D4D4-40EF-8F31-FD1B53B24B09}.Debug|Any CPU.Build.0 = Debug|Any CPU
		{3AB026BB-D4D4-40EF-8F31-FD1B53B24B09}.Release|Any CPU.ActiveCfg = Release|Any CPU
		{3AB026BB-D4D4-40EF-8F31-FD1B53B24B09}.Release|Any CPU.Build.0 = Release|Any CPU
	EndGlobalSection
	GlobalSection(SolutionProperties) = preSolution
		HideSolutionNode = FALSE
	EndGlobalSection
	GlobalSection(ExtensibilityGlobals) = postSolution
		SolutionGuid = {32CEA3E1-13E0-4C29-A1DC-5FD5DA8FAF82}
	EndGlobalSection
EndGlobal
